
Microsoft Visual Studio Solution File, Format Version 12.00
# Visual Studio 15
VisualStudioVersion = 15.0.28010.2019
MinimumVisualStudioVersion = 10.0.40219.1
Project("{FAE04EC0-301F-11D3-BF4B-00C04F79EFBC}") = "OwlCommunity", "OwlCommunity\OwlCommunity.csproj", "{12A4FD9B-A2CB-4CEB-B6B9-44111E771B7B}"
EndProject
Global
	GlobalSection(SolutionConfigurationPlatforms) = preSolution
		Debug|Any CPU = Debug|Any CPU
		Release|Any CPU = Release|Any CPU
	EndGlobalSection
	GlobalSection(ProjectConfigurationPlatforms) = postSolution
		{12A4FD9B-A2CB-4CEB-B6B9-44111E771B7B}.Debug|Any CPU.ActiveCfg = Debug|Any CPU
		{12A4FD9B-A2CB-4CEB-B6B9-44111E771B7B}.Debug|Any CPU.Build.0 = Debug|Any CPU
		{12A4FD9B-A2CB-4CEB-B6B9-44111E771B7B}.Release|Any CPU.ActiveCfg = Release|Any CPU
		{12A4FD9B-A2CB-4CEB-B6B9-44111E771B7B}.Release|Any CPU.Build.0 = Release|Any CPU
	EndGlobalSection
	GlobalSection(SolutionProperties) = preSolution
		HideSolutionNode = FALSE
	EndGlobalSection
	GlobalSection(ExtensibilityGlobals) = postSolution
		SolutionGuid = {6430F862-FA9C-436E-B4A8-BF374AD3BC1C}
	EndGlobalSection
EndGlobal
